
Microsoft Visual Studio Solution File, Format Version 12.00
# Visual Studio 15
VisualStudioVersion = 15.0.27703.2026
MinimumVisualStudioVersion = 10.0.40219.1
Project("{2150E333-8FDC-42A3-9474-1A3956D46DE8}") = "1.Infrastructure", "1.Infrastructure", "{26932E7C-D6F3-43D5-A4F8-C868FE6EBA5B}"
EndProject
Project("{2150E333-8FDC-42A3-9474-1A3956D46DE8}") = "2.Domain", "2.Domain", "{E042E9A7-54DF-4DF2-B913-2F4469484CF7}"
EndProject
Project("{2150E333-8FDC-42A3-9474-1A3956D46DE8}") = "3.Application", "3.Application", "{2FD715DC-F153-4228-8469-75AE5DF3BBF2}"
EndProject
Project("{2150E333-8FDC-42A3-9474-1A3956D46DE8}") = "4.Presentation", "4.Presentation", "{96707152-128A-46B1-BA66-8A81716C2100}"
EndProject
Project("{2150E333-8FDC-42A3-9474-1A3956D46DE8}") = "5.Test", "5.Test", "{C529F0E6-FB06-4532-A8A2-83C44DDB11A4}"
EndProject
Project("{9A19103F-16F7-4668-BE54-9A1E7A4F7556}") = "MyAbpDemo.Core", "Domain\MyAbpDemo.Core\MyAbpDemo.Core.csproj", "{ED47CDA2-9113-4230-A223-001C60A34600}"
EndProject
Project("{9A19103F-16F7-4668-BE54-9A1E7A4F7556}") = "MyAbpDemo.Application", "Application\MyAbpDemo.Application\MyAbpDemo.Application.csproj", "{CD46336E-434D-4069-A023-35EABD2CB1DA}"
EndProject
Project("{9A19103F-16F7-4668-BE54-9A1E7A4F7556}") = "MyAbpDemo.ApplicationDto", "Application\MyAbpDemo.ApplicationDto\MyAbpDemo.ApplicationDto.csproj", "{4B34528D-185B-4C87-87A2-9246FD9F8948}"
EndProject
Project("{9A19103F-16F7-4668-BE54-9A1E7A4F7556}") = "MyAbpDemo.Infrastructure.Api", "Infrastructure\MyAbpDemo.Infrastructure.Api\MyAbpDemo.Infrastructure.Api.csproj", "{D236CC9A-C3D0-4123-BF07-A6A0D39F4C1B}"
EndProject
Project("{9A19103F-16F7-4668-BE54-9A1E7A4F7556}") = "MyAbpDemo.Api", "Presentation\MyAbpDemo.Api\MyAbpDemo.Api.csproj", "{5FF7F894-7DCA-4F7D-A496-41D035739CB1}"
EndProject
Project("{9A19103F-16F7-4668-BE54-9A1E7A4F7556}") = "MyAbpDemo.Infrastructure", "Infrastructure\MyAbpDemo.Infrastructure\MyAbpDemo.Infrastructure.csproj", "{507D9EA5-FE52-4266-A8ED-1D127C98C2F6}"
EndProject
Project("{FAE04EC0-301F-11D3-BF4B-00C04F79EFBC}") = "MyAbpDemo.Infrastructure.EasyNetQ", "Infrastructure\MyAbpDemo.Infrastructure.EasyNetQ\MyAbpDemo.Infrastructure.EasyNetQ.csproj", "{EDE27CEC-37AE-4BEB-85DA-E51ADB89E369}"
EndProject
Project("{9A19103F-16F7-4668-BE54-9A1E7A4F7556}") = "MyAbpDemo.Infrastructure.EFCore", "Infrastructure\MyAbpDemo.Infrastructure.EntityFrameworkCore\MyAbpDemo.Infrastructure.EFCore.csproj", "{1D238972-CB31-44EC-B7DA-7DBA1826D9E6}"
EndProject
Project("{FAE04EC0-301F-11D3-BF4B-00C04F79EFBC}") = "MyAbpDemo.Hangfire.RecurringJob", "Presentation\MyAbpDemo.Hangfire.RecurringJob\MyAbpDemo.Hangfire.RecurringJob.csproj", "{7F0B5533-BC3B-417E-8B66-A3750E62C9A8}"
EndProject
Global
	GlobalSection(SolutionConfigurationPlatforms) = preSolution
		Debug|Any CPU = Debug|Any CPU
		Release|Any CPU = Release|Any CPU
	EndGlobalSection
	GlobalSection(ProjectConfigurationPlatforms) = postSolution
		{ED47CDA2-9113-4230-A223-001C60A34600}.Debug|Any CPU.ActiveCfg = Debug|Any CPU
		{ED47CDA2-9113-4230-A223-001C60A34600}.Debug|Any CPU.Build.0 = Debug|Any CPU
		{ED47CDA2-9113-4230-A223-001C60A34600}.Release|Any CPU.ActiveCfg = Release|Any CPU
		{ED47CDA2-9113-4230-A223-001C60A34600}.Release|Any CPU.Build.0 = Release|Any CPU
		{CD46336E-434D-4069-A023-35EABD2CB1DA}.Debug|Any CPU.ActiveCfg = Debug|Any CPU
		{CD46336E-434D-4069-A023-35EABD2CB1DA}.Debug|Any CPU.Build.0 = Debug|Any CPU
		{CD46336E-434D-4069-A023-35EABD2CB1DA}.Release|Any CPU.ActiveCfg = Release|Any CPU
		{CD46336E-434D-4069-A023-35EABD2CB1DA}.Release|Any CPU.Build.0 = Release|Any CPU
		{4B34528D-185B-4C87-87A2-9246FD9F8948}.Debug|Any CPU.ActiveCfg = Debug|Any CPU
		{4B34528D-185B-4C87-87A2-9246FD9F8948}.Debug|Any CPU.Build.0 = Debug|Any CPU
		{4B34528D-185B-4C87-87A2-9246FD9F8948}.Release|Any CPU.ActiveCfg = Release|Any CPU
		{4B34528D-185B-4C87-87A2-9246FD9F8948}.Release|Any CPU.Build.0 = Release|Any CPU
		{D236CC9A-C3D0-4123-BF07-A6A0D39F4C1B}.Debug|Any CPU.ActiveCfg = Debug|Any CPU
		{D236CC9A-C3D0-4123-BF07-A6A0D39F4C1B}.Debug|Any CPU.Build.0 = Debug|Any CPU
		{D236CC9A-C3D0-4123-BF07-A6A0D39F4C1B}.Release|Any CPU.ActiveCfg = Release|Any CPU
		{D236CC9A-C3D0-4123-BF07-A6A0D39F4C1B}.Release|Any CPU.Build.0 = Release|Any CPU
		{5FF7F894-7DCA-4F7D-A496-41D035739CB1}.Debug|Any CPU.ActiveCfg = Debug|Any CPU
		{5FF7F894-7DCA-4F7D-A496-41D035739CB1}.Debug|Any CPU.Build.0 = Debug|Any CPU
		{5FF7F894-7DCA-4F7D-A496-41D035739CB1}.Release|Any CPU.ActiveCfg = Release|Any CPU
		{5FF7F894-7DCA-4F7D-A496-41D035739CB1}.Release|Any CPU.Build.0 = Release|Any CPU
		{507D9EA5-FE52-4266-A8ED-1D127C98C2F6}.Debug|Any CPU.ActiveCfg = Debug|Any CPU
		{507D9EA5-FE52-4266-A8ED-1D127C98C2F6}.Debug|Any CPU.Build.0 = Debug|Any CPU
		{507D9EA5-FE52-4266-A8ED-1D127C98C2F6}.Release|Any CPU.ActiveCfg = Release|Any CPU
		{507D9EA5-FE52-4266-A8ED-1D127C98C2F6}.Release|Any CPU.Build.0 = Release|Any CPU
		{EDE27CEC-37AE-4BEB-85DA-E51ADB89E369}.Debug|Any CPU.ActiveCfg = Debug|Any CPU
		{EDE27CEC-37AE-4BEB-85DA-E51ADB89E369}.Debug|Any CPU.Build.0 = Debug|Any CPU
		{EDE27CEC-37AE-4BEB-85DA-E51ADB89E369}.Release|Any CPU.ActiveCfg = Release|Any CPU
		{EDE27CEC-37AE-4BEB-85DA-E51ADB89E369}.Release|Any CPU.Build.0 = Release|Any CPU
		{1D238972-CB31-44EC-B7DA-7DBA1826D9E6}.Debug|Any CPU.ActiveCfg = Debug|Any CPU
		{1D238972-CB31-44EC-B7DA-7DBA1826D9E6}.Debug|Any CPU.Build.0 = Debug|Any CPU
		{1D238972-CB31-44EC-B7DA-7DBA1826D9E6}.Release|Any CPU.ActiveCfg = Release|Any CPU
		{1D238972-CB31-44EC-B7DA-7DBA1826D9E6}.Release|Any CPU.Build.0 = Release|Any CPU
		{7F0B5533-BC3B-417E-8B66-A3750E62C9A8}.Debug|Any CPU.ActiveCfg = Debug|Any CPU
		{7F0B5533-BC3B-417E-8B66-A3750E62C9A8}.Debug|Any CPU.Build.0 = Debug|Any CPU
		{7F0B5533-BC3B-417E-8B66-A3750E62C9A8}.Release|Any CPU.ActiveCfg = Release|Any CPU
		{7F0B5533-BC3B-417E-8B66-A3750E62C9A8}.Release|Any CPU.Build.0 = Release|Any CPU
	EndGlobalSection
	GlobalSection(SolutionProperties) = preSolution
		HideSolutionNode = FALSE
	EndGlobalSection
	GlobalSection(NestedProjects) = preSolution
		{ED47CDA2-9113-4230-A223-001C60A34600} = {E042E9A7-54DF-4DF2-B913-2F4469484CF7}
		{CD46336E-434D-4069-A023-35EABD2CB1DA} = {2FD715DC-F153-4228-8469-75AE5DF3BBF2}
		{4B34528D-185B-4C87-87A2-9246FD9F8948} = {2FD715DC-F153-4228-8469-75AE5DF3BBF2}
		{D236CC9A-C3D0-4123-BF07-A6A0D39F4C1B} = {26932E7C-D6F3-43D5-A4F8-C868FE6EBA5B}
		{5FF7F894-7DCA-4F7D-A496-41D035739CB1} = {96707152-128A-46B1-BA66-8A81716C2100}
		{507D9EA5-FE52-4266-A8ED-1D127C98C2F6} = {26932E7C-D6F3-43D5-A4F8-C868FE6EBA5B}
		{EDE27CEC-37AE-4BEB-85DA-E51ADB89E369} = {26932E7C-D6F3-43D5-A4F8-C868FE6EBA5B}
		{1D238972-CB31-44EC-B7DA-7DBA1826D9E6} = {26932E7C-D6F3-43D5-A4F8-C868FE6EBA5B}
		{7F0B5533-BC3B-417E-8B66-A3750E62C9A8} = {96707152-128A-46B1-BA66-8A81716C2100}
	EndGlobalSection
	GlobalSection(ExtensibilityGlobals) = postSolution
		SolutionGuid = {9B4B32B9-087D-4D34-A2E2-9F0234771ABD}
	EndGlobalSection
EndGlobal
